Microsoft Visual Studio Solution File, Format Version 12.00
# Visual Studio 2013
VisualStudioVersion = 12.0.21005.1
MinimumVisualStudioVersion = 10.0.40219.1
Project("{FAE04EC0-301F-11D3-BF4B-00C04F79EFBC}") = "APIMATICCalculator.PCL", "APIMATICCalculator.PCL/APIMATICCalculator.PCL.csproj", "{2cf33c1c-cd3e-4368-aea4-57a27a21705a}"
EndProject
Project("{FAE04EC0-301F-11D3-BF4B-00C04F79EFBC}") = "APIMATICCalculator.Tests", "APIMATICCalculator.Tests/APIMATICCalculator.Tests.csproj", "{eabebd37-9cfb-4b1b-a1fb-6eb098fc933c}"
EndProject
Global
    GlobalSection(SolutionConfigurationPlatforms) = preSolution
        Debug|Any CPU = Debug|Any CPU
        Release|Any CPU = Release|Any CPU
    EndGlobalSection
    GlobalSection(ProjectConfigurationPlatforms) = postSolution
        {2cf33c1c-cd3e-4368-aea4-57a27a21705a}.Debug|Any CPU.ActiveCfg = Debug|Any CPU
        {2cf33c1c-cd3e-4368-aea4-57a27a21705a}.Debug|Any CPU.Build.0 = Debug|Any CPU
        {2cf33c1c-cd3e-4368-aea4-57a27a21705a}.Release|Any CPU.ActiveCfg = Release|Any CPU
        {2cf33c1c-cd3e-4368-aea4-57a27a21705a}.Release|Any CPU.Build.0 = Release|Any CPU
        {eabebd37-9cfb-4b1b-a1fb-6eb098fc933c}.Debug|Any CPU.ActiveCfg = Debug|Any CPU
        {eabebd37-9cfb-4b1b-a1fb-6eb098fc933c}.Debug|Any CPU.Build.0 = Debug|Any CPU
        {eabebd37-9cfb-4b1b-a1fb-6eb098fc933c}.Release|Any CPU.ActiveCfg = Release|Any CPU
        {eabebd37-9cfb-4b1b-a1fb-6eb098fc933c}.Release|Any CPU.Build.0 = Release|Any CPU
    EndGlobalSection
    GlobalSection(SolutionProperties) = preSolution
        HideSolutionNode = FALSE
    EndGlobalSection
EndGlobal
